version: 5
environments:
  default:
    channels:
    - url: https://conda.anaconda.org/conda-forge/
    indexes:
    - https://pypi.org/simple
    packages:
      win-64:
      - conda: https://conda.anaconda.org/conda-forge/win-64/brotli-python-1.1.0-py311hda3d55a_2.conda
      - conda: https://conda.anaconda.org/conda-forge/win-64/bzip2-1.0.8-h2466b09_7.conda
      - conda: https://conda.anaconda.org/conda-forge/win-64/ca-certificates-2024.8.30-h56e8100_0.conda
      - conda: https://conda.anaconda.org/conda-forge/noarch/certifi-2024.8.30-pyhd8ed1ab_0.conda
      - conda: https://conda.anaconda.org/conda-forge/win-64/cffi-1.17.1-py311he736701_0.conda
      - conda: https://conda.anaconda.org/conda-forge/noarch/charset-normalizer-3.3.2-pyhd8ed1ab_0.conda
      - conda: https://conda.anaconda.org/conda-forge/win-64/freetype-2.12.1-hdaf720e_2.conda
      - conda: https://conda.anaconda.org/conda-forge/noarch/h2-4.1.0-pyhd8ed1ab_0.tar.bz2
      - conda: https://conda.anaconda.org/conda-forge/noarch/hpack-4.0.0-pyh9f0ad1d_0.tar.bz2
      - conda: https://conda.anaconda.org/conda-forge/noarch/hyperframe-6.0.1-pyhd8ed1ab_0.tar.bz2
      - conda: https://conda.anaconda.org/conda-forge/noarch/idna-3.8-pyhd8ed1ab_0.conda
      - conda: https://conda.anaconda.org/conda-forge/win-64/lcms2-2.16-h67d730c_0.conda
      - conda: https://conda.anaconda.org/conda-forge/win-64/lerc-4.0.0-h63175ca_0.tar.bz2
      - conda: https://conda.anaconda.org/conda-forge/win-64/libdeflate-1.21-h2466b09_0.conda
      - conda: https://conda.anaconda.org/conda-forge/win-64/libffi-3.4.2-h8ffe710_5.tar.bz2
      - conda: https://conda.anaconda.org/conda-forge/win-64/libjpeg-turbo-3.0.0-hcfcfb64_1.conda
      - conda: https://conda.anaconda.org/conda-forge/win-64/libpng-1.6.43-h19919ed_0.conda
      - conda: https://conda.anaconda.org/conda-forge/win-64/libsqlite-3.46.1-h2466b09_0.conda
      - conda: https://conda.anaconda.org/conda-forge/win-64/libtiff-4.6.0-hb151862_4.conda
      - conda: https://conda.anaconda.org/conda-forge/win-64/libwebp-base-1.4.0-hcfcfb64_0.conda
      - conda: https://conda.anaconda.org/conda-forge/win-64/libxcb-1.16-h013a479_1.conda
      - conda: https://conda.anaconda.org/conda-forge/win-64/libzlib-1.3.1-h2466b09_1.conda
      - conda: https://conda.anaconda.org/conda-forge/win-64/m2w64-gcc-libgfortran-5.3.0-6.tar.bz2
      - conda: https://conda.anaconda.org/conda-forge/win-64/m2w64-gcc-libs-5.3.0-7.tar.bz2
      - conda: https://conda.anaconda.org/conda-forge/win-64/m2w64-gcc-libs-core-5.3.0-7.tar.bz2
      - conda: https://conda.anaconda.org/conda-forge/win-64/m2w64-gmp-6.1.0-2.tar.bz2
      - conda: https://conda.anaconda.org/conda-forge/win-64/m2w64-libwinpthread-git-5.0.0.4634.697f757-2.tar.bz2
      - conda: https://conda.anaconda.org/conda-forge/win-64/msys2-conda-epoch-20160418-1.tar.bz2
      - conda: https://conda.anaconda.org/conda-forge/win-64/openjpeg-2.5.2-h3d672ee_0.conda
      - conda: https://conda.anaconda.org/conda-forge/win-64/openssl-3.3.2-h2466b09_0.conda
      - conda: https://conda.anaconda.org/conda-forge/win-64/pillow-10.4.0-py311h5592be9_0.conda
      - conda: https://conda.anaconda.org/conda-forge/win-64/psutil-6.0.0-py311he736701_0.conda
      - conda: https://conda.anaconda.org/conda-forge/win-64/pthread-stubs-0.4-hcd874cb_1001.tar.bz2
      - conda: https://conda.anaconda.org/conda-forge/noarch/pycparser-2.22-pyhd8ed1ab_0.conda
      - conda: https://conda.anaconda.org/conda-forge/win-64/pycryptodome-3.20.0-py311ha68e1ae_0.conda
      - conda: https://conda.anaconda.org/conda-forge/noarch/pysocks-1.7.1-pyh0701188_6.tar.bz2
      - conda: https://conda.anaconda.org/conda-forge/win-64/python-3.11.0-hcf16a7b_0_cpython.tar.bz2
      - conda: https://conda.anaconda.org/conda-forge/noarch/python-dotenv-1.0.1-pyhd8ed1ab_1.conda
      - conda: https://conda.anaconda.org/conda-forge/win-64/python_abi-3.11-5_cp311.conda
      - conda: https://conda.anaconda.org/conda-forge/win-64/pyyaml-6.0.2-py311he736701_1.conda
      - conda: https://conda.anaconda.org/conda-forge/noarch/requests-2.32.3-pyhd8ed1ab_0.conda
      - conda: https://conda.anaconda.org/conda-forge/win-64/tk-8.6.13-h5226925_1.conda
      - conda: https://conda.anaconda.org/conda-forge/noarch/tzdata-2024a-h8827d51_1.conda
      - conda: https://conda.anaconda.org/conda-forge/win-64/ucrt-10.0.22621.0-h57928b3_0.tar.bz2
      - conda: https://conda.anaconda.org/conda-forge/noarch/urllib3-2.2.2-pyhd8ed1ab_1.conda
      - conda: https://conda.anaconda.org/conda-forge/win-64/vc-14.3-h8a93ad2_20.conda
      - conda: https://conda.anaconda.org/conda-forge/win-64/vc14_runtime-14.40.33810-hcc2c482_20.conda
      - conda: https://conda.anaconda.org/conda-forge/win-64/vs2015_runtime-14.40.33810-h3bf8584_20.conda
      - conda: https://conda.anaconda.org/conda-forge/noarch/win_inet_pton-1.1.0-pyhd8ed1ab_6.tar.bz2
      - conda: https://conda.anaconda.org/conda-forge/win-64/xorg-libxau-1.0.11-hcd874cb_0.conda
      - conda: https://conda.anaconda.org/conda-forge/win-64/xorg-libxdmcp-1.1.3-hcd874cb_0.tar.bz2
      - conda: https://conda.anaconda.org/conda-forge/win-64/xz-5.2.6-h8d14728_0.tar.bz2
      - conda: https://conda.anaconda.org/conda-forge/win-64/yaml-0.2.5-h8ffe710_2.tar.bz2
      - conda: https://conda.anaconda.org/conda-forge/win-64/zstandard-0.23.0-py311h53056dc_1.conda
      - conda: https://conda.anaconda.org/conda-forge/win-64/zstd-1.5.6-h0ea2cb4_0.conda
      - pypi: https://files.pythonhosted.org/packages/bb/2a/10164ed1f31196a2f7f3799368a821765c62851ead0e630ab52b8e14b4d0/blinker-1.8.2-py3-none-any.whl
      - pypi: https://files.pythonhosted.org/packages/00/2e/d53fa4befbf2cfa713304affc7ca780ce4fc1fd8710527771b58311a3229/click-8.1.7-py3-none-any.whl
      - pypi: https://files.pythonhosted.org/packages/d1/d6/3965ed04c63042e047cb6a3e6ed1a63a35087b6a609aa3a15ed8ac56c221/colorama-0.4.6-py2.py3-none-any.whl
      - pypi: https://files.pythonhosted.org/packages/b3/c6/c09cee6968add5ff868525c3815e5dccc0e3c6e89eec58dc9135d3c40e88/cryptography-43.0.1-cp39-abi3-win_amd64.whl
      - pypi: https://files.pythonhosted.org/packages/61/80/ffe1da13ad9300f87c93af113edd0638c75138c42a0994becfacac078c06/flask-3.0.3-py3-none-any.whl
      - pypi: https://files.pythonhosted.org/packages/04/96/92447566d16df59b2a776c0fb82dbc4d9e07cd95062562af01e408583fc4/itsdangerous-2.2.0-py3-none-any.whl
      - pypi: https://files.pythonhosted.org/packages/31/80/3a54838c3fb461f6fec263ebf3a3a41771bd05190238de3486aae8540c36/jinja2-3.1.4-py3-none-any.whl
      - pypi: https://files.pythonhosted.org/packages/1c/7d/27ad0ca8682aad57e17007e8793acfb4242d61078abaca05cd44dfb4fba8/jmcomic-2.5.19-py3-none-any.whl
      - pypi: https://files.pythonhosted.org/packages/b7/a2/c78a06a9ec6d04b3445a949615c4c7ed86a0b2eb68e44e7541b9d57067cc/MarkupSafe-2.1.5-cp311-cp311-win_amd64.whl
      - pypi: git+https://github.com/hect0x7/plugin-jm-server.git@880276ca6ff52f22e8a901c3cb1601cf918ea0db
      - pypi: https://files.pythonhosted.org/packages/4b/84/997bbf7c2bf2dc3f09565c6d0b4959fefe5355c18c4096cfd26d83e0785b/werkzeug-3.0.4-py3-none-any.whl
      - pypi: .\dependence\commonX-0.6.33-py3-none-any.whl
      - pypi: .\dependence\curl_cffi-0.7.1-cp38-abi3-win_amd64.whl
packages:
- kind: pypi
  name: blinker
  version: 1.8.2
  url: https://files.pythonhosted.org/packages/bb/2a/10164ed1f31196a2f7f3799368a821765c62851ead0e630ab52b8e14b4d0/blinker-1.8.2-py3-none-any.whl
  sha256: 1779309f71bf239144b9399d06ae925637cf6634cf6bd131104184531bf67c01
  requires_python: '>=3.8'
- kind: conda
  name: brotli-python
  version: 1.1.0
  build: py311hda3d55a_2
  build_number: 2
  subdir: win-64
  url: https://conda.anaconda.org/conda-forge/win-64/brotli-python-1.1.0-py311hda3d55a_2.conda
  sha256: aa3ac5dbf63db2f145235708973c626c2189ee4040d769fdf0076286fa45dc26
  md5: a0ea2839841a06740a1c110ba3317b42
  depends:
  - python >=3.11,<3.12.0a0
  - python_abi 3.11.* *_cp311
  - ucrt >=10.0.20348.0
  - vc >=14.2,<15
  - vc14_runtime >=14.29.30139
  constrains:
  - libbrotlicommon 1.1.0 h2466b09_2
  license: MIT
  license_family: MIT
  purls:
  - pkg:pypi/brotli?source=hash-mapping
  size: 322114
  timestamp: 1725268368720
- kind: conda
  name: bzip2
  version: 1.0.8
  build: h2466b09_7
  build_number: 7
  subdir: win-64
  url: https://conda.anaconda.org/conda-forge/win-64/bzip2-1.0.8-h2466b09_7.conda
  sha256: 35a5dad92e88fdd7fc405e864ec239486f4f31eec229e31686e61a140a8e573b
  md5: 276e7ffe9ffe39688abc665ef0f45596
  depends:
  - ucrt >=10.0.20348.0
  - vc >=14.2,<15
  - vc14_runtime >=14.29.30139
  license: bzip2-1.0.6
  license_family: BSD
  purls: []
  size: 54927
  timestamp: 1720974860185
- kind: conda
  name: ca-certificates
  version: 2024.8.30
  build: h56e8100_0
  subdir: win-64
  url: https://conda.anaconda.org/conda-forge/win-64/ca-certificates-2024.8.30-h56e8100_0.conda
  sha256: 0fcac3a7ffcc556649e034a1802aedf795e64227eaa7194d207b01eaf26454c4
  md5: 4c4fd67c18619be5aa65dc5b6c72e490
  license: ISC
  purls: []
  size: 158773
  timestamp: 1725019107649
- kind: conda
  name: certifi
  version: 2024.8.30
  build: pyhd8ed1ab_0
  subdir: noarch
  noarch: python
  url: https://conda.anaconda.org/conda-forge/noarch/certifi-2024.8.30-pyhd8ed1ab_0.conda
  sha256: 7020770df338c45ac6b560185956c32f0a5abf4b76179c037f115fc7d687819f
  md5: 12f7d00853807b0531775e9be891cb11
  depends:
  - python >=3.7
  license: ISC
  purls:
  - pkg:pypi/certifi?source=hash-mapping
  size: 163752
  timestamp: 1725278204397
- kind: conda
  name: cffi
  version: 1.17.1
  build: py311he736701_0
  subdir: win-64
  url: https://conda.anaconda.org/conda-forge/win-64/cffi-1.17.1-py311he736701_0.conda
  sha256: 9689fbd8a31fdf273f826601e90146006f6631619767a67955048c7ad7798a1d
  md5: e1c69be23bd05471a6c623e91680ad59
  depends:
  - pycparser
  - python >=3.11,<3.12.0a0
  - python_abi 3.11.* *_cp311
  - ucrt >=10.0.20348.0
  - vc >=14.2,<15
  - vc14_runtime >=14.29.30139
  license: MIT
  purls:
  - pkg:pypi/cffi?source=hash-mapping
  size: 297627
  timestamp: 1725561079708
- kind: conda
  name: charset-normalizer
  version: 3.3.2
  build: pyhd8ed1ab_0
  subdir: noarch
  noarch: python
  url: https://conda.anaconda.org/conda-forge/noarch/charset-normalizer-3.3.2-pyhd8ed1ab_0.conda
  sha256: 20cae47d31fdd58d99c4d2e65fbdcefa0b0de0c84e455ba9d6356a4bdbc4b5b9
  md5: 7f4a9e3fcff3f6356ae99244a014da6a
  depends:
  - python >=3.7
  license: MIT
  license_family: MIT
  purls:
  - pkg:pypi/charset-normalizer?source=hash-mapping
  size: 46597
  timestamp: 1698833765762
- kind: pypi
  name: click
  version: 8.1.7
  url: https://files.pythonhosted.org/packages/00/2e/d53fa4befbf2cfa713304affc7ca780ce4fc1fd8710527771b58311a3229/click-8.1.7-py3-none-any.whl
  sha256: ae74fb96c20a0277a1d615f1e4d73c8414f5a98db8b799a7931d1582f3390c28
  requires_dist:
  - colorama ; platform_system == 'Windows'
  - importlib-metadata ; python_full_version < '3.8'
  requires_python: '>=3.7'
- kind: pypi
  name: colorama
  version: 0.4.6
  url: https://files.pythonhosted.org/packages/d1/d6/3965ed04c63042e047cb6a3e6ed1a63a35087b6a609aa3a15ed8ac56c221/colorama-0.4.6-py2.py3-none-any.whl
  sha256: 4f1d9991f5acc0ca119f9d443620b77f9d6b33703e51011c16baf57afb285fc6
  requires_python: '!=3.0.*,!=3.1.*,!=3.2.*,!=3.3.*,!=3.4.*,!=3.5.*,!=3.6.*,>=2.7'
- kind: pypi
  name: commonx
  version: 0.6.33
  path: .\dependence\commonX-0.6.33-py3-none-any.whl
- kind: pypi
  name: cryptography
  version: 43.0.1
  url: https://files.pythonhosted.org/packages/b3/c6/c09cee6968add5ff868525c3815e5dccc0e3c6e89eec58dc9135d3c40e88/cryptography-43.0.1-cp39-abi3-win_amd64.whl
  sha256: d75601ad10b059ec832e78823b348bfa1a59f6b8d545db3a24fd44362a1564cb
  requires_dist:
  - cffi>=1.12 ; platform_python_implementation != 'PyPy'
  - bcrypt>=3.1.5 ; extra == 'ssh'
  - nox ; extra == 'nox'
  - cryptography-vectors==43.0.1 ; extra == 'test'
  - pytest>=6.2.0 ; extra == 'test'
  - pytest-benchmark ; extra == 'test'
  - pytest-cov ; extra == 'test'
  - pytest-xdist ; extra == 'test'
  - pretend ; extra == 'test'
  - certifi ; extra == 'test'
  - pytest-randomly ; extra == 'test-randomorder'
  - sphinx>=5.3.0 ; extra == 'docs'
  - sphinx-rtd-theme>=1.1.1 ; extra == 'docs'
  - pyenchant>=1.6.11 ; extra == 'docstest'
  - readme-renderer ; extra == 'docstest'
  - sphinxcontrib-spelling>=4.0.1 ; extra == 'docstest'
  - build ; extra == 'sdist'
  - ruff ; extra == 'pep8test'
  - mypy ; extra == 'pep8test'
  - check-sdist ; extra == 'pep8test'
  - click ; extra == 'pep8test'
  requires_python: '>=3.7'
- kind: pypi
  name: curl-cffi
  version: 0.7.1
  path: .\dependence\curl_cffi-0.7.1-cp38-abi3-win_amd64.whl
  requires_dist:
  - cffi>=1.12.0
  - certifi>=2024.2.2
  - cibuildwheel ; extra == 'build'
  - wheel ; extra == 'build'
  - charset-normalizer<4.0,>=3.3.2 ; extra == 'dev'
  - coverage<7.0,>=6.4.1 ; extra == 'dev'
  - cryptography<43.0,>=42.0.5 ; extra == 'dev'
  - httpx==0.23.1 ; extra == 'dev'
  - mypy<2.0,>=1.9.0 ; extra == 'dev'
  - pytest<9.0,>=8.1.1 ; extra == 'dev'
  - pytest-asyncio<1.0,>=0.23.6 ; extra == 'dev'
  - pytest-trio<1.0,>=0.8.0 ; extra == 'dev'
  - ruff<1.0,>=0.3.5 ; extra == 'dev'
  - trio<1.0,>=0.25.0 ; extra == 'dev'
  - trustme<2.0,>=1.1.0 ; extra == 'dev'
  - uvicorn<1.0,>=0.29.0 ; extra == 'dev'
  - websockets<13.0,>=12.0 ; extra == 'dev'
  - charset-normalizer<4.0,>=3.3.2 ; extra == 'test'
  - cryptography<43.0,>=42.0.5 ; extra == 'test'
  - fastapi<1.0,==0.110.0 ; extra == 'test'
  - httpx==0.23.1 ; extra == 'test'
  - proxy-py<3.0,>=2.4.3 ; extra == 'test'
  - pytest<9.0,>=8.1.1 ; extra == 'test'
  - pytest-asyncio<1.0,>=0.23.6 ; extra == 'test'
  - pytest-trio<1.0,>=0.8.0 ; extra == 'test'
  - python-multipart<1.0,>=0.0.9 ; extra == 'test'
  - trio<1.0,>=0.25.0 ; extra == 'test'
  - trustme<2.0,>=1.1.0 ; extra == 'test'
  - uvicorn<1.0,>=0.29.0 ; extra == 'test'
  - websockets<13.0,>=12.0 ; extra == 'test'
  requires_python: '>=3.8'
- kind: pypi
  name: flask
  version: 3.0.3
  url: https://files.pythonhosted.org/packages/61/80/ffe1da13ad9300f87c93af113edd0638c75138c42a0994becfacac078c06/flask-3.0.3-py3-none-any.whl
  sha256: 34e815dfaa43340d1d15a5c3a02b8476004037eb4840b34910c6e21679d288f3
  requires_dist:
  - werkzeug>=3.0.0
  - jinja2>=3.1.2
  - itsdangerous>=2.1.2
  - click>=8.1.3
  - blinker>=1.6.2
  - importlib-metadata>=3.6.0 ; python_full_version < '3.10'
  - asgiref>=3.2 ; extra == 'async'
  - python-dotenv ; extra == 'dotenv'
  requires_python: '>=3.8'
- kind: conda
  name: freetype
  version: 2.12.1
  build: hdaf720e_2
  build_number: 2
  subdir: win-64
  url: https://conda.anaconda.org/conda-forge/win-64/freetype-2.12.1-hdaf720e_2.conda
  sha256: 2c53ee8879e05e149a9e525481d36adfd660a6abda26fd731376fa64ff03e728
  md5: 3761b23693f768dc75a8fd0a73ca053f
  depends:
  - libpng >=1.6.39,<1.7.0a0
  - libzlib >=1.2.13,<2.0.0a0
  - ucrt >=10.0.20348.0
  - vc >=14.2,<15
  - vc14_runtime >=14.29.30139
  license: GPL-2.0-only OR FTL
  purls: []
  size: 510306
  timestamp: 1694616398888
- kind: conda
  name: h2
  version: 4.1.0
  build: pyhd8ed1ab_0
  subdir: noarch
  noarch: python
  url: https://conda.anaconda.org/conda-forge/noarch/h2-4.1.0-pyhd8ed1ab_0.tar.bz2
  sha256: bfc6a23849953647f4e255c782e74a0e18fe16f7e25c7bb0bc57b83bb6762c7a
  md5: b748fbf7060927a6e82df7cb5ee8f097
  depends:
  - hpack >=4.0,<5
  - hyperframe >=6.0,<7
  - python >=3.6.1
  license: MIT
  license_family: MIT
  purls:
  - pkg:pypi/h2?source=hash-mapping
  size: 46754
  timestamp: 1634280590080
- kind: conda
  name: hpack
  version: 4.0.0
  build: pyh9f0ad1d_0
  subdir: noarch
  noarch: python
  url: https://conda.anaconda.org/conda-forge/noarch/hpack-4.0.0-pyh9f0ad1d_0.tar.bz2
  sha256: 5dec948932c4f740674b1afb551223ada0c55103f4c7bf86a110454da3d27cb8
  md5: 914d6646c4dbb1fd3ff539830a12fd71
  depends:
  - python
  license: MIT
  license_family: MIT
  purls:
  - pkg:pypi/hpack?source=hash-mapping
  size: 25341
  timestamp: 1598856368685
- kind: conda
  name: hyperframe
  version: 6.0.1
  build: pyhd8ed1ab_0
  subdir: noarch
  noarch: python
  url: https://conda.anaconda.org/conda-forge/noarch/hyperframe-6.0.1-pyhd8ed1ab_0.tar.bz2
  sha256: e374a9d0f53149328134a8d86f5d72bca4c6dcebed3c0ecfa968c02996289330
  md5: 9f765cbfab6870c8435b9eefecd7a1f4
  depends:
  - python >=3.6
  license: MIT
  license_family: MIT
  purls:
  - pkg:pypi/hyperframe?source=hash-mapping
  size: 14646
  timestamp: 1619110249723
- kind: conda
  name: idna
  version: '3.8'
  build: pyhd8ed1ab_0
  subdir: noarch
  noarch: python
  url: https://conda.anaconda.org/conda-forge/noarch/idna-3.8-pyhd8ed1ab_0.conda
  sha256: 8660d38b272d3713ec8ac5ae918bc3bc80e1b81e1a7d61df554bded71ada6110
  md5: 99e164522f6bdf23c177c8d9ae63f975
  depends:
  - python >=3.6
  license: BSD-3-Clause
  license_family: BSD
  purls:
  - pkg:pypi/idna?source=hash-mapping
  size: 49275
  timestamp: 1724450633325
- kind: pypi
  name: itsdangerous
  version: 2.2.0
  url: https://files.pythonhosted.org/packages/04/96/92447566d16df59b2a776c0fb82dbc4d9e07cd95062562af01e408583fc4/itsdangerous-2.2.0-py3-none-any.whl
  sha256: c6242fc49e35958c8b15141343aa660db5fc54d4f13a1db01a3f5891b98700ef
  requires_python: '>=3.8'
- kind: pypi
  name: jinja2
  version: 3.1.4
  url: https://files.pythonhosted.org/packages/31/80/3a54838c3fb461f6fec263ebf3a3a41771bd05190238de3486aae8540c36/jinja2-3.1.4-py3-none-any.whl
  sha256: bc5dd2abb727a5319567b7a813e6a2e7318c39f4f487cfe6c89c6f9c7d25197d
  requires_dist:
  - markupsafe>=2.0
  - babel>=2.7 ; extra == 'i18n'
  requires_python: '>=3.7'
- kind: pypi
  name: jmcomic
  version: 2.5.19
  url: https://files.pythonhosted.org/packages/1c/7d/27ad0ca8682aad57e17007e8793acfb4242d61078abaca05cd44dfb4fba8/jmcomic-2.5.19-py3-none-any.whl
  sha256: 6e02e8ee90cfba0b86e1ad14acfd43dac3cf84428845a895c9d0f5726def1b83
  requires_dist:
  - curl-cffi
  - commonx
  - pyyaml
  - pillow
  - pycryptodome
  requires_python: '>=3.7'
- kind: conda
  name: lcms2
  version: '2.16'
  build: h67d730c_0
  subdir: win-64
  url: https://conda.anaconda.org/conda-forge/win-64/lcms2-2.16-h67d730c_0.conda
  sha256: f9fd9e80e46358a57d9bb97b1e37a03da4022143b019aa3c4476d8a7795de290
  md5: d3592435917b62a8becff3a60db674f6
  depends:
  - libjpeg-turbo >=3.0.0,<4.0a0
  - libtiff >=4.6.0,<4.7.0a0
  - ucrt >=10.0.20348.0
  - vc >=14.2,<15
  - vc14_runtime >=14.29.30139
  license: MIT
  license_family: MIT
  purls: []
  size: 507632
  timestamp: 1701648249706
- kind: conda
  name: lerc
  version: 4.0.0
  build: h63175ca_0
  subdir: win-64
  url: https://conda.anaconda.org/conda-forge/win-64/lerc-4.0.0-h63175ca_0.tar.bz2
  sha256: f4f39d7f6a2f9b407f8fb567a6c25755270421731d70f0ff331f5de4fa367488
  md5: 1900cb3cab5055833cfddb0ba233b074
  depends:
  - vc >=14.2,<15
  - vs2015_runtime >=14.29.30037
  license: Apache-2.0
  license_family: Apache
  purls: []
  size: 194365
  timestamp: 1657977692274
- kind: conda
  name: libdeflate
  version: '1.21'
  build: h2466b09_0
  subdir: win-64
  url: https://conda.anaconda.org/conda-forge/win-64/libdeflate-1.21-h2466b09_0.conda
  sha256: ebb21b910164d97dc23be83ba29a8004b9bba7536dc850c6d8b00bbb84259e78
  md5: 4ebe2206ebf4bf38f6084ad836110361
  depends:
  - ucrt >=10.0.20348.0
  - vc >=14.2,<15
  - vc14_runtime >=14.29.30139
  license: MIT
  license_family: MIT
  purls: []
  size: 155801
  timestamp: 1722820571739
- kind: conda
  name: libffi
  version: 3.4.2
  build: h8ffe710_5
  build_number: 5
  subdir: win-64
  url: https://conda.anaconda.org/conda-forge/win-64/libffi-3.4.2-h8ffe710_5.tar.bz2
  sha256: 1951ab740f80660e9bc07d2ed3aefb874d78c107264fd810f24a1a6211d4b1a5
  md5: 2c96d1b6915b408893f9472569dee135
  depends:
  - vc >=14.1,<15.0a0
  - vs2015_runtime >=14.16.27012
  license: MIT
  license_family: MIT
  purls: []
  size: 42063
  timestamp: 1636489106777
- kind: conda
  name: libjpeg-turbo
  version: 3.0.0
  build: hcfcfb64_1
  build_number: 1
  subdir: win-64
  url: https://conda.anaconda.org/conda-forge/win-64/libjpeg-turbo-3.0.0-hcfcfb64_1.conda
  sha256: 4e7808e3098b4b4ed7e287f63bb24f9045cc4d95bfd39f0db870fc2837d74dff
  md5: 3f1b948619c45b1ca714d60c7389092c
  depends:
  - ucrt >=10.0.20348.0
  - vc >=14.2,<15
  - vc14_runtime >=14.29.30139
  constrains:
  - jpeg <0.0.0a
  license: IJG AND BSD-3-Clause AND Zlib
  purls: []
  size: 822966
  timestamp: 1694475223854
- kind: conda
  name: libpng
  version: 1.6.43
  build: h19919ed_0
  subdir: win-64
  url: https://conda.anaconda.org/conda-forge/win-64/libpng-1.6.43-h19919ed_0.conda
  sha256: 6ad31bf262a114de5bbe0c6ba73b29ed25239d0f46f9d59700310d2ea0b3c142
  md5: 77e398acc32617a0384553aea29e866b
  depends:
  - libzlib >=1.2.13,<2.0.0a0
  - ucrt >=10.0.20348.0
  - vc >=14.2,<15
  - vc14_runtime >=14.29.30139
  license: zlib-acknowledgement
  purls: []
  size: 347514
  timestamp: 1708780763195
- kind: conda
  name: libsqlite
  version: 3.46.1
  build: h2466b09_0
  subdir: win-64
  url: https://conda.anaconda.org/conda-forge/win-64/libsqlite-3.46.1-h2466b09_0.conda
  sha256: ef83f90961630bc54a95e48062b05cf9c9173a822ea01784288029613a45eea4
  md5: 8a7c1ad01f58623bfbae8d601db7cf3b
  depends:
  - ucrt >=10.0.20348.0
  - vc >=14.2,<15
  - vc14_runtime >=14.29.30139
  license: Unlicense
  purls: []
  size: 876666
  timestamp: 1725354171439
- kind: conda
  name: libtiff
  version: 4.6.0
  build: hb151862_4
  build_number: 4
  subdir: win-64
  url: https://conda.anaconda.org/conda-forge/win-64/libtiff-4.6.0-hb151862_4.conda
  sha256: 1d5a8972f344da2e81b5a27ac0eda977803351151b8923f16cbc056515f5b8c6
  md5: 7d35d9aa8f051d548116039f5813c8ec
  depends:
  - lerc >=4.0.0,<5.0a0
  - libdeflate >=1.21,<1.22.0a0
  - libjpeg-turbo >=3.0.0,<4.0a0
  - libzlib >=1.3.1,<2.0a0
  - ucrt >=10.0.20348.0
  - vc >=14.2,<15
  - vc14_runtime >=14.29.30139
  - xz >=5.2.6,<6.0a0
  - zstd >=1.5.6,<1.6.0a0
  license: HPND
  purls: []
  size: 784657
  timestamp: 1722871883822
- kind: conda
  name: libwebp-base
  version: 1.4.0
  build: hcfcfb64_0
  subdir: win-64
  url: https://conda.anaconda.org/conda-forge/win-64/libwebp-base-1.4.0-hcfcfb64_0.conda
  sha256: d0ca51cb1de9192be9a3238e71fbcca5a535619c499c4f4c9b2ed41c14d36770
  md5: abd61d0ab127ec5cd68f62c2969e6f34
  depends:
  - ucrt >=10.0.20348.0
  - vc >=14.2,<15
  - vc14_runtime >=14.29.30139
  constrains:
  - libwebp 1.4.0
  license: BSD-3-Clause
  license_family: BSD
  purls: []
  size: 274359
  timestamp: 1713200524021
- kind: conda
  name: libxcb
  version: '1.16'
  build: h013a479_1
  build_number: 1
  subdir: win-64
  url: https://conda.anaconda.org/conda-forge/win-64/libxcb-1.16-h013a479_1.conda
  sha256: abae56e12a4c62730b899fdfb82628a9ac171c4ce144fc9f34ae024957a82a0e
  md5: f0b599acdc82d5bc7e3b105833e7c5c8
  depends:
  - m2w64-gcc-libs
  - m2w64-gcc-libs-core
  - pthread-stubs
  - xorg-libxau >=1.0.11,<2.0a0
  - xorg-libxdmcp
  license: MIT
  license_family: MIT
  purls: []
  size: 989459
  timestamp: 1724419883091
- kind: conda
  name: libzlib
  version: 1.3.1
  build: h2466b09_1
  build_number: 1
  subdir: win-64
  url: https://conda.anaconda.org/conda-forge/win-64/libzlib-1.3.1-h2466b09_1.conda
  sha256: b13846a54a15243e15f96fec06b526d8155adc6a1ac2b6ed47a88f6a71a94b68
  md5: d4483ca8afc57ddf1f6dded53b36c17f
  depends:
  - ucrt >=10.0.20348.0
  - vc >=14.2,<15
  - vc14_runtime >=14.29.30139
  constrains:
  - zlib 1.3.1 *_1
  license: Zlib
  license_family: Other
  purls: []
  size: 56186
  timestamp: 1716874730539
- kind: conda
  name: m2w64-gcc-libgfortran
  version: 5.3.0
  build: '6'
  build_number: 6
  subdir: win-64
  url: https://conda.anaconda.org/conda-forge/win-64/m2w64-gcc-libgfortran-5.3.0-6.tar.bz2
  sha256: 9de95a7996d5366ae0808eef2acbc63f9b11b874aa42375f55379e6715845dc6
  md5: 066552ac6b907ec6d72c0ddab29050dc
  depends:
  - m2w64-gcc-libs-core
  - msys2-conda-epoch ==20160418
  license: GPL, LGPL, FDL, custom
  purls: []
  size: 350687
  timestamp: 1608163451316
- kind: conda
  name: m2w64-gcc-libs
  version: 5.3.0
  build: '7'
  build_number: 7
  subdir: win-64
  url: https://conda.anaconda.org/conda-forge/win-64/m2w64-gcc-libs-5.3.0-7.tar.bz2
  sha256: 3bd1ab02b7c89a5b153a17be03b36d833f1517ff2a6a77ead7c4a808b88196aa
  md5: fe759119b8b3bfa720b8762c6fdc35de
  depends:
  - m2w64-gcc-libgfortran
  - m2w64-gcc-libs-core
  - m2w64-gmp
  - m2w64-libwinpthread-git
  - msys2-conda-epoch ==20160418
  license: GPL3+, partial:GCCRLE, partial:LGPL2+
  purls: []
  size: 532390
  timestamp: 1608163512830
- kind: conda
  name: m2w64-gcc-libs-core
  version: 5.3.0
  build: '7'
  build_number: 7
  subdir: win-64
  url: https://conda.anaconda.org/conda-forge/win-64/m2w64-gcc-libs-core-5.3.0-7.tar.bz2
  sha256: 58afdfe859ed2e9a9b1cc06bc408720cb2c3a6a132e59d4805b090d7574f4ee0
  md5: 4289d80fb4d272f1f3b56cfe87ac90bd
  depends:
  - m2w64-gmp
  - m2w64-libwinpthread-git
  - msys2-conda-epoch ==20160418
  license: GPL3+, partial:GCCRLE, partial:LGPL2+
  purls: []
  size: 219240
  timestamp: 1608163481341
- kind: conda
  name: m2w64-gmp
  version: 6.1.0
  build: '2'
  build_number: 2
  subdir: win-64
  url: https://conda.anaconda.org/conda-forge/win-64/m2w64-gmp-6.1.0-2.tar.bz2
  sha256: 7e3cd95f554660de45f8323fca359e904e8d203efaf07a4d311e46d611481ed1
  md5: 53a1c73e1e3d185516d7e3af177596d9
  depends:
  - msys2-conda-epoch ==20160418
  license: LGPL3
  purls: []
  size: 743501
  timestamp: 1608163782057
- kind: conda
  name: m2w64-libwinpthread-git
  version: 5.0.0.4634.697f757
  build: '2'
  build_number: 2
  subdir: win-64
  url: https://conda.anaconda.org/conda-forge/win-64/m2w64-libwinpthread-git-5.0.0.4634.697f757-2.tar.bz2
  sha256: f63a09b2cae7defae0480f1740015d6235f1861afa6fe2e2d3e10bd0d1314ee0
  md5: 774130a326dee16f1ceb05cc687ee4f0
  depends:
  - msys2-conda-epoch ==20160418
  license: MIT, BSD
  purls: []
  size: 31928
  timestamp: 1608166099896
- kind: pypi
  name: markupsafe
  version: 2.1.5
  url: https://files.pythonhosted.org/packages/b7/a2/c78a06a9ec6d04b3445a949615c4c7ed86a0b2eb68e44e7541b9d57067cc/MarkupSafe-2.1.5-cp311-cp311-win_amd64.whl
  sha256: 2b7c57a4dfc4f16f7142221afe5ba4e093e09e728ca65c51f5620c9aaeb9a617
  requires_python: '>=3.7'
- kind: conda
  name: msys2-conda-epoch
  version: '20160418'
  build: '1'
  build_number: 1
  subdir: win-64
  url: https://conda.anaconda.org/conda-forge/win-64/msys2-conda-epoch-20160418-1.tar.bz2
  sha256: 99358d58d778abee4dca82ad29fb58058571f19b0f86138363c260049d4ac7f1
  md5: b0309b72560df66f71a9d5e34a5efdfa
  purls: []
  size: 3227
  timestamp: 1608166968312
- kind: conda
  name: openjpeg
  version: 2.5.2
  build: h3d672ee_0
  subdir: win-64
  url: https://conda.anaconda.org/conda-forge/win-64/openjpeg-2.5.2-h3d672ee_0.conda
  sha256: dda71cbe094234ab208f3552dec1f4ca6f2e614175d010808d6cb66ecf0bc753
  md5: 7e7099ad94ac3b599808950cec30ad4e
  depends:
  - libpng >=1.6.43,<1.7.0a0
  - libtiff >=4.6.0,<4.7.0a0
  - libzlib >=1.2.13,<2.0.0a0
  - ucrt >=10.0.20348.0
  - vc >=14.2,<15
  - vc14_runtime >=14.29.30139
  license: BSD-2-Clause
  license_family: BSD
  purls: []
  size: 237974
  timestamp: 1709159764160
- kind: conda
  name: openssl
  version: 3.3.2
  build: h2466b09_0
  subdir: win-64
  url: https://conda.anaconda.org/conda-forge/win-64/openssl-3.3.2-h2466b09_0.conda
  sha256: a45c42f3577294e22ac39ddb6ef5a64fd5322e8a6725afefbf4f2b4109340bf9
  md5: 1dc86753693df5e3326bb8a85b74c589
  depends:
  - ca-certificates
  - ucrt >=10.0.20348.0
  - vc >=14.2,<15
  - vc14_runtime >=14.29.30139
  license: Apache-2.0
  license_family: Apache
  purls: []
  size: 8396053
  timestamp: 1725412961673
- kind: conda
  name: pillow
  version: 10.4.0
  build: py311h5592be9_0
  subdir: win-64
  url: https://conda.anaconda.org/conda-forge/win-64/pillow-10.4.0-py311h5592be9_0.conda
  sha256: 6c29b557ee62bdd0e387b2fd62bee51e0c2486e5d9c32015ecca8bb9a901b2ce
  md5: f6c7ffe64dfb84c7081ea09747ec0450
  depends:
  - freetype >=2.12.1,<3.0a0
  - lcms2 >=2.16,<3.0a0
  - libjpeg-turbo >=3.0.0,<4.0a0
  - libtiff >=4.6.0,<4.7.0a0
  - libwebp-base >=1.4.0,<2.0a0
  - libxcb >=1.16,<1.17.0a0
  - libzlib >=1.3.1,<2.0a0
  - openjpeg >=2.5.2,<3.0a0
  - python >=3.11,<3.12.0a0
  - python_abi 3.11.* *_cp311
  - tk >=8.6.13,<8.7.0a0
  - ucrt >=10.0.20348.0
  - vc >=14.2,<15
  - vc14_runtime >=14.29.30139
  license: HPND
  purls:
  - pkg:pypi/pillow?source=hash-mapping
  size: 42332084
  timestamp: 1719904289800
- kind: pypi
  name: plugin-jm-server
  version: 0.1.23
  url: git+https://github.com/hect0x7/plugin-jm-server.git@880276ca6ff52f22e8a901c3cb1601cf918ea0db
  requires_dist:
  - jmcomic
  - flask
  - psutil
  - cryptography
  requires_python: '>=3.7'
- kind: conda
  name: psutil
  version: 6.0.0
  build: py311he736701_0
  subdir: win-64
  url: https://conda.anaconda.org/conda-forge/win-64/psutil-6.0.0-py311he736701_0.conda
  sha256: 9a9900e87f48a04ea597a987105dd978f4d62312f334f2a0f58f3a749b42e226
  md5: 325e47d267a6db408c1d61bde22c2d9c
  depends:
  - python >=3.11,<3.12.0a0
  - python_abi 3.11.* *_cp311
  - ucrt >=10.0.20348.0
  - vc >=14.2,<15
  - vc14_runtime >=14.29.30139
  license: BSD-3-Clause
  license_family: BSD
  purls:
  - pkg:pypi/psutil?source=hash-mapping
  size: 527926
  timestamp: 1719275196844
- kind: conda
  name: pthread-stubs
  version: '0.4'
  build: hcd874cb_1001
  build_number: 1001
  subdir: win-64
  url: https://conda.anaconda.org/conda-forge/win-64/pthread-stubs-0.4-hcd874cb_1001.tar.bz2
  sha256: bb5a6ddf1a609a63addd6d7b488b0f58d05092ea84e9203283409bff539e202a
  md5: a1f820480193ea83582b13249a7e7bd9
  depends:
  - m2w64-gcc-libs
  license: MIT
  license_family: MIT
  purls: []
  size: 6417
  timestamp: 1606147814351
- kind: conda
  name: pycparser
  version: '2.22'
  build: pyhd8ed1ab_0
  subdir: noarch
  noarch: python
  url: https://conda.anaconda.org/conda-forge/noarch/pycparser-2.22-pyhd8ed1ab_0.conda
  sha256: 406001ebf017688b1a1554b49127ca3a4ac4626ec0fd51dc75ffa4415b720b64
  md5: 844d9eb3b43095b031874477f7d70088
  depends:
  - python >=3.8
  license: BSD-3-Clause
  license_family: BSD
  purls:
  - pkg:pypi/pycparser?source=hash-mapping
  size: 105098
  timestamp: 1711811634025
- kind: conda
  name: pycryptodome
  version: 3.20.0
  build: py311ha68e1ae_0
  subdir: win-64
  url: https://conda.anaconda.org/conda-forge/win-64/pycryptodome-3.20.0-py311ha68e1ae_0.conda
  sha256: 480750ed46f9a6d4233c414b7d78a2d840c19521f579c07d0c9ad4f0f7c6dbdd
  md5: 8799d6d081bbb0018e2404a99b4556c9
  depends:
  - python >=3.11,<3.12.0a0
  - python_abi 3.11.* *_cp311
  - ucrt >=10.0.20348.0
  - vc >=14.2,<15
  - vc14_runtime >=14.29.30139
  license: BSD-2-Clause
  license_family: BSD
  purls:
  - pkg:pypi/pycryptodome?source=hash-mapping
  size: 1662435
  timestamp: 1704931471623
- kind: conda
  name: pysocks
  version: 1.7.1
  build: pyh0701188_6
  build_number: 6
  subdir: noarch
  noarch: python
  url: https://conda.anaconda.org/conda-forge/noarch/pysocks-1.7.1-pyh0701188_6.tar.bz2
  sha256: b3a612bc887f3dd0fb7c4199ad8e342bd148cf69a9b74fd9468a18cf2bef07b7
  md5: 56cd9fe388baac0e90c7149cfac95b60
  depends:
  - __win
  - python >=3.8
  - win_inet_pton
  license: BSD-3-Clause
  license_family: BSD
  purls:
  - pkg:pypi/pysocks?source=hash-mapping
  size: 19348
  timestamp: 1661605138291
- kind: conda
  name: python
  version: 3.11.0
  build: hcf16a7b_0_cpython
  subdir: win-64
  url: https://conda.anaconda.org/conda-forge/win-64/python-3.11.0-hcf16a7b_0_cpython.tar.bz2
  sha256: 20d1f1b5dc620b745c325844545fd5c0cdbfdb2385a0e27ef1507399844c8c6d
  md5: 13ee3577afc291dabd2d9edc59736688
  depends:
  - bzip2 >=1.0.8,<2.0a0
  - libffi >=3.4.2,<3.5.0a0
  - libsqlite >=3.39.4,<4.0a0
  - libzlib >=1.2.13,<2.0.0a0
  - openssl >=3.0.5,<4.0a0
  - tk >=8.6.12,<8.7.0a0
  - tzdata
  - vc >=14.1,<15
  - vs2015_runtime >=14.16.27033
  - xz >=5.2.6,<5.3.0a0
  constrains:
  - python_abi 3.11.* *_cp311
  license: Python-2.0
  purls: []
  size: 19819816
  timestamp: 1666678800085
- kind: conda
  name: python-dotenv
  version: 1.0.1
  build: pyhd8ed1ab_1
  build_number: 1
  subdir: noarch
  noarch: python
  url: https://conda.anaconda.org/conda-forge/noarch/python-dotenv-1.0.1-pyhd8ed1ab_1.conda
  sha256: 99713f6b534fef94995c6c16fd21d59f3548784e9111775d692bdc7c44678f02
  md5: e5c6ed218664802d305e79cc2d4491de
  depends:
  - python >=3.9
  license: BSD-3-Clause
  license_family: BSD
  purls:
  - pkg:pypi/python-dotenv?source=hash-mapping
  size: 24215
  timestamp: 1733243277223
- kind: conda
  name: python_abi
  version: '3.11'
  build: 5_cp311
  build_number: 5
  subdir: win-64
  url: https://conda.anaconda.org/conda-forge/win-64/python_abi-3.11-5_cp311.conda
  sha256: 9b210e5807dd9c9ed71ff192a95f1872da597ddd10e7cefec93a922fe22e598a
  md5: 895b873644c11ccc0ab7dba2d8513ae6
  constrains:
  - python 3.11.* *_cpython
  license: BSD-3-Clause
  license_family: BSD
  purls: []
  size: 6707
  timestamp: 1723823225752
- kind: conda
  name: pyyaml
  version: 6.0.2
  build: py311he736701_1
  build_number: 1
  subdir: win-64
  url: https://conda.anaconda.org/conda-forge/win-64/pyyaml-6.0.2-py311he736701_1.conda
  sha256: 86608f1b4f6b1819a74b6b1344c34304745fd7e84bfc9900269f57cf28178d31
  md5: d0c5f3c595039890be0c9af47d23b9ba
  depends:
  - python >=3.11,<3.12.0a0
  - python_abi 3.11.* *_cp311
  - ucrt >=10.0.20348.0
  - vc >=14.2,<15
  - vc14_runtime >=14.29.30139
  - yaml >=0.2.5,<0.3.0a0
  license: MIT
  license_family: MIT
  purls:
  - pkg:pypi/pyyaml?source=hash-mapping
  size: 187901
  timestamp: 1725456808581
- kind: conda
  name: requests
  version: 2.32.3
  build: pyhd8ed1ab_0
  subdir: noarch
  noarch: python
  url: https://conda.anaconda.org/conda-forge/noarch/requests-2.32.3-pyhd8ed1ab_0.conda
  sha256: 5845ffe82a6fa4d437a2eae1e32a1ad308d7ad349f61e337c0a890fe04c513cc
  md5: 5ede4753180c7a550a443c430dc8ab52
  depends:
  - certifi >=2017.4.17
  - charset-normalizer >=2,<4
  - idna >=2.5,<4
  - python >=3.8
  - urllib3 >=1.21.1,<3
  constrains:
  - chardet >=3.0.2,<6
  license: Apache-2.0
  license_family: APACHE
  purls:
  - pkg:pypi/requests?source=hash-mapping
  size: 58810
  timestamp: 1717057174842
- kind: conda
  name: tk
  version: 8.6.13
  build: h5226925_1
  build_number: 1
  subdir: win-64
  url: https://conda.anaconda.org/conda-forge/win-64/tk-8.6.13-h5226925_1.conda
  sha256: 2c4e914f521ccb2718946645108c9bd3fc3216ba69aea20c2c3cedbd8db32bb1
  md5: fc048363eb8f03cd1737600a5d08aafe
  depends:
  - ucrt >=10.0.20348.0
  - vc >=14.2,<15
  - vc14_runtime >=14.29.30139
  license: TCL
  license_family: BSD
  purls: []
  size: 3503410
  timestamp: 1699202577803
- kind: conda
  name: tzdata
  version: 2024a
  build: h8827d51_1
  build_number: 1
  subdir: noarch
  noarch: generic
  url: https://conda.anaconda.org/conda-forge/noarch/tzdata-2024a-h8827d51_1.conda
  sha256: 7d21c95f61319dba9209ca17d1935e6128af4235a67ee4e57a00908a1450081e
  md5: 8bfdead4e0fff0383ae4c9c50d0531bd
  license: LicenseRef-Public-Domain
  purls: []
  size: 124164
  timestamp: 1724736371498
- kind: conda
  name: ucrt
  version: 10.0.22621.0
  build: h57928b3_0
  subdir: win-64
  url: https://conda.anaconda.org/conda-forge/win-64/ucrt-10.0.22621.0-h57928b3_0.tar.bz2
  sha256: f29cdaf8712008f6b419b8b1a403923b00ab2504bfe0fb2ba8eb60e72d4f14c6
  md5: 72608f6cd3e5898229c3ea16deb1ac43
  constrains:
  - vs2015_runtime >=14.29.30037
  license: LicenseRef-Proprietary
  license_family: PROPRIETARY
  purls: []
  size: 1283972
  timestamp: 1666630199266
- kind: conda
  name: urllib3
  version: 2.2.2
  build: pyhd8ed1ab_1
  build_number: 1
  subdir: noarch
  noarch: python
  url: https://conda.anaconda.org/conda-forge/noarch/urllib3-2.2.2-pyhd8ed1ab_1.conda
  sha256: 00c47c602c03137e7396f904eccede8cc64cc6bad63ce1fc355125df8882a748
  md5: e804c43f58255e977093a2298e442bb8
  depends:
  - brotli-python >=1.0.9
  - h2 >=4,<5
  - pysocks >=1.5.6,<2.0,!=1.5.7
  - python >=3.8
  - zstandard >=0.18.0
  license: MIT
  license_family: MIT
  purls:
  - pkg:pypi/urllib3?source=hash-mapping
  size: 95048
  timestamp: 1719391384778
- kind: conda
  name: vc
  version: '14.3'
  build: h8a93ad2_20
  build_number: 20
  subdir: win-64
  url: https://conda.anaconda.org/conda-forge/win-64/vc-14.3-h8a93ad2_20.conda
  sha256: 23ac5feb15a9adf3ab2b8c4dcd63650f8b7ae860c5ceb073e49cf71d203eddef
  md5: 8558f367e1d7700554f7cdb823c46faf
  depends:
  - vc14_runtime >=14.40.33810
  track_features:
  - vc14
  license: BSD-3-Clause
  license_family: BSD
  purls: []
  size: 17391
  timestamp: 1717709040616
- kind: conda
  name: vc14_runtime
  version: 14.40.33810
  build: hcc2c482_20
  build_number: 20
  subdir: win-64
  url: https://conda.anaconda.org/conda-forge/win-64/vc14_runtime-14.40.33810-hcc2c482_20.conda
  sha256: bba8daa6f78b26b48fb7e1377eb52160e25495710bf53146c5f405bd50565982
  md5: ad33c7cd933d69b9dee0f48317cdf137
  depends:
  - ucrt >=10.0.20348.0
  constrains:
  - vs2015_runtime 14.40.33810.* *_20
  license: LicenseRef-ProprietaryMicrosoft
  license_family: Proprietary
  purls: []
  size: 751028
  timestamp: 1724712684919
- kind: conda
  name: vs2015_runtime
  version: 14.40.33810
  build: h3bf8584_20
  build_number: 20
  subdir: win-64
  url: https://conda.anaconda.org/conda-forge/win-64/vs2015_runtime-14.40.33810-h3bf8584_20.conda
  sha256: 0c2803f7a788c51f28235a7228dc2ab3f107b4b16ab0845a3e595c8c51e50a7a
  md5: c21f1b4a3a30bbc3ef35a50957578e0e
  depends:
  - vc14_runtime >=14.40.33810
  license: BSD-3-Clause
  license_family: BSD
  purls: []
  size: 17395
  timestamp: 1717709043353
- kind: pypi
  name: werkzeug
  version: 3.0.4
  url: https://files.pythonhosted.org/packages/4b/84/997bbf7c2bf2dc3f09565c6d0b4959fefe5355c18c4096cfd26d83e0785b/werkzeug-3.0.4-py3-none-any.whl
  sha256: 02c9eb92b7d6c06f31a782811505d2157837cea66aaede3e217c7c27c039476c
  requires_dist:
  - markupsafe>=2.1.1
  - watchdog>=2.3 ; extra == 'watchdog'
  requires_python: '>=3.8'
- kind: conda
  name: win_inet_pton
  version: 1.1.0
  build: pyhd8ed1ab_6
  build_number: 6
  subdir: noarch
  noarch: python
  url: https://conda.anaconda.org/conda-forge/noarch/win_inet_pton-1.1.0-pyhd8ed1ab_6.tar.bz2
  sha256: a11ae693a0645bf6c7b8a47bac030be9c0967d0b1924537b9ff7458e832c0511
  md5: 30878ecc4bd36e8deeea1e3c151b2e0b
  depends:
  - __win
  - python >=3.6
  license: PUBLIC-DOMAIN
  purls:
  - pkg:pypi/win-inet-pton?source=hash-mapping
  size: 8191
  timestamp: 1667051294134
- kind: conda
  name: xorg-libxau
  version: 1.0.11
  build: hcd874cb_0
  subdir: win-64
  url: https://conda.anaconda.org/conda-forge/win-64/xorg-libxau-1.0.11-hcd874cb_0.conda
  sha256: 8c5b976e3b36001bdefdb41fb70415f9c07eff631f1f0155f3225a7649320e77
  md5: c46ba8712093cb0114404ae8a7582e1a
  depends:
  - m2w64-gcc-libs
  - m2w64-gcc-libs-core
  license: MIT
  license_family: MIT
  purls: []
  size: 51297
  timestamp: 1684638355740
- kind: conda
  name: xorg-libxdmcp
  version: 1.1.3
  build: hcd874cb_0
  subdir: win-64
  url: https://conda.anaconda.org/conda-forge/win-64/xorg-libxdmcp-1.1.3-hcd874cb_0.tar.bz2
  sha256: f51205d33c07d744ec177243e5d9b874002910c731954f2c8da82459be462b93
  md5: 46878ebb6b9cbd8afcf8088d7ef00ece
  depends:
  - m2w64-gcc-libs
  license: MIT
  license_family: MIT
  purls: []
  size: 67908
  timestamp: 1610072296570
- kind: conda
  name: xz
  version: 5.2.6
  build: h8d14728_0
  subdir: win-64
  url: https://conda.anaconda.org/conda-forge/win-64/xz-5.2.6-h8d14728_0.tar.bz2
  sha256: 54d9778f75a02723784dc63aff4126ff6e6749ba21d11a6d03c1f4775f269fe0
  md5: 515d77642eaa3639413c6b1bc3f94219
  depends:
  - vc >=14.1,<15
  - vs2015_runtime >=14.16.27033
  license: LGPL-2.1 and GPL-2.0
  purls: []
  size: 217804
  timestamp: 1660346976440
- kind: conda
  name: yaml
  version: 0.2.5
  build: h8ffe710_2
  build_number: 2
  subdir: win-64
  url: https://conda.anaconda.org/conda-forge/win-64/yaml-0.2.5-h8ffe710_2.tar.bz2
  sha256: 4e2246383003acbad9682c7c63178e2e715ad0eb84f03a8df1fbfba455dfedc5
  md5: adbfb9f45d1004a26763652246a33764
  depends:
  - vc >=14.1,<15.0a0
  - vs2015_runtime >=14.16.27012
  license: MIT
  license_family: MIT
  purls: []
  size: 63274
  timestamp: 1641347623319
- kind: conda
  name: zstandard
  version: 0.23.0
  build: py311h53056dc_1
  build_number: 1
  subdir: win-64
  url: https://conda.anaconda.org/conda-forge/win-64/zstandard-0.23.0-py311h53056dc_1.conda
  sha256: a93584e6167c3598854a47f3bf8276fa646a3bb4d12fcfc23a54e37d5879f35c
  md5: 7d4c123cbb5e6293dd4dd2f8d30f0de4
  depends:
  - cffi >=1.11
  - python >=3.11,<3.12.0a0
  - python_abi 3.11.* *_cp311
  - ucrt >=10.0.20348.0
  - vc >=14.2,<15
  - vc14_runtime >=14.29.30139
  - zstd >=1.5.6,<1.5.7.0a0
  - zstd >=1.5.6,<1.6.0a0
  license: BSD-3-Clause
  license_family: BSD
  purls:
  - pkg:pypi/zstandard?source=hash-mapping
  size: 321357
  timestamp: 1725305930669
- kind: conda
  name: zstd
  version: 1.5.6
  build: h0ea2cb4_0
  subdir: win-64
  url: https://conda.anaconda.org/conda-forge/win-64/zstd-1.5.6-h0ea2cb4_0.conda
  sha256: 768e30dc513568491818fb068ee867c57c514b553915536da09e5d10b4ebf3c3
  md5: 9a17230f95733c04dc40a2b1e5491d74
  depends:
  - libzlib >=1.2.13,<2.0.0a0
  - ucrt >=10.0.20348.0
  - vc >=14.2,<15
  - vc14_runtime >=14.29.30139
  license: BSD-3-Clause
  license_family: BSD
  purls: []
  size: 349143
  timestamp: 1714723445995
